
Microsoft Visual Studio Solution File, Format Version 12.00
# Visual Studio Version 17
VisualStudioVersion = 17.13.35818.85 d17.13
MinimumVisualStudioVersion = 10.0.40219.1
Project("{FAE04EC0-301F-11D3-BF4B-00C04F79EFBC}") = "z4", "z4\z4.csproj", "{E6D2FA9F-DB69-4FAA-9C98-447C435B72FA}"
EndProject
Global
	GlobalSection(SolutionConfigurationPlatforms) = preSolution
		Debug|Any CPU = Debug|Any CPU
		Release|Any CPU = Release|Any CPU
	EndGlobalSection
	GlobalSection(ProjectConfigurationPlatforms) = postSolution
		{E6D2FA9F-DB69-4FAA-9C98-447C435B72FA}.Debug|Any CPU.ActiveCfg = Debug|Any CPU
		{E6D2FA9F-DB69-4FAA-9C98-447C435B72FA}.Debug|Any CPU.Build.0 = Debug|Any CPU
		{E6D2FA9F-DB69-4FAA-9C98-447C435B72FA}.Release|Any CPU.ActiveCfg = Release|Any CPU
		{E6D2FA9F-DB69-4FAA-9C98-447C435B72FA}.Release|Any CPU.Build.0 = Release|Any CPU
	EndGlobalSection
	GlobalSection(SolutionProperties) = preSolution
		HideSolutionNode = FALSE
	EndGlobalSection
	GlobalSection(ExtensibilityGlobals) = postSolution
		SolutionGuid = {AF5D8EBF-1644-451A-9040-6CCE32309133}
	EndGlobalSection
EndGlobal
