
Microsoft Visual Studio Solution File, Format Version 12.00
# Visual Studio Version 17
VisualStudioVersion = 17.13.35825.156 d17.13
MinimumVisualStudioVersion = 10.0.40219.1
Project("{FAE04EC0-301F-11D3-BF4B-00C04F79EFBC}") = "-17", "-17\-17.csproj", "{C0A009CD-F28C-4E29-9A05-707073FFA4C9}"
EndProject
Global
	GlobalSection(SolutionConfigurationPlatforms) = preSolution
		Debug|Any CPU = Debug|Any CPU
		Release|Any CPU = Release|Any CPU
	EndGlobalSection
	GlobalSection(ProjectConfigurationPlatforms) = postSolution
		{C0A009CD-F28C-4E29-9A05-707073FFA4C9}.Debug|Any CPU.ActiveCfg = Debug|Any CPU
		{C0A009CD-F28C-4E29-9A05-707073FFA4C9}.Debug|Any CPU.Build.0 = Debug|Any CPU
		{C0A009CD-F28C-4E29-9A05-707073FFA4C9}.Release|Any CPU.ActiveCfg = Release|Any CPU
		{C0A009CD-F28C-4E29-9A05-707073FFA4C9}.Release|Any CPU.Build.0 = Release|Any CPU
	EndGlobalSection
	GlobalSection(SolutionProperties) = preSolution
		HideSolutionNode = FALSE
	EndGlobalSection
	GlobalSection(ExtensibilityGlobals) = postSolution
		SolutionGuid = {05200C23-EB36-4D6C-BA7C-5C05F944F6ED}
	EndGlobalSection
EndGlobal
