
Microsoft Visual Studio Solution File, Format Version 12.00
# Visual Studio Version 17
VisualStudioVersion = 17.13.35825.156 d17.13
MinimumVisualStudioVersion = 10.0.40219.1
Project("{FAE04EC0-301F-11D3-BF4B-00C04F79EFBC}") = "d2", "d2\d2.csproj", "{B045016A-E1DB-4531-B90A-959551D2C310}"
EndProject
Global
	GlobalSection(SolutionConfigurationPlatforms) = preSolution
		Debug|Any CPU = Debug|Any CPU
		Release|Any CPU = Release|Any CPU
	EndGlobalSection
	GlobalSection(ProjectConfigurationPlatforms) = postSolution
		{B045016A-E1DB-4531-B90A-959551D2C310}.Debug|Any CPU.ActiveCfg = Debug|Any CPU
		{B045016A-E1DB-4531-B90A-959551D2C310}.Debug|Any CPU.Build.0 = Debug|Any CPU
		{B045016A-E1DB-4531-B90A-959551D2C310}.Release|Any CPU.ActiveCfg = Release|Any CPU
		{B045016A-E1DB-4531-B90A-959551D2C310}.Release|Any CPU.Build.0 = Release|Any CPU
	EndGlobalSection
	GlobalSection(SolutionProperties) = preSolution
		HideSolutionNode = FALSE
	EndGlobalSection
	GlobalSection(ExtensibilityGlobals) = postSolution
		SolutionGuid = {D5D1E1B8-9FF6-4A8D-A735-148395F68064}
	EndGlobalSection
EndGlobal
