
Microsoft Visual Studio Solution File, Format Version 12.00
# Visual Studio Version 17
VisualStudioVersion = 17.13.35825.156 d17.13
MinimumVisualStudioVersion = 10.0.40219.1
Project("{FAE04EC0-301F-11D3-BF4B-00C04F79EFBC}") = "-11", "-11\-11.csproj", "{E63599E2-303F-4F56-878B-46A6A444D428}"
EndProject
Global
	GlobalSection(SolutionConfigurationPlatforms) = preSolution
		Debug|Any CPU = Debug|Any CPU
		Release|Any CPU = Release|Any CPU
	EndGlobalSection
	GlobalSection(ProjectConfigurationPlatforms) = postSolution
		{E63599E2-303F-4F56-878B-46A6A444D428}.Debug|Any CPU.ActiveCfg = Debug|Any CPU
		{E63599E2-303F-4F56-878B-46A6A444D428}.Debug|Any CPU.Build.0 = Debug|Any CPU
		{E63599E2-303F-4F56-878B-46A6A444D428}.Release|Any CPU.ActiveCfg = Release|Any CPU
		{E63599E2-303F-4F56-878B-46A6A444D428}.Release|Any CPU.Build.0 = Release|Any CPU
	EndGlobalSection
	GlobalSection(SolutionProperties) = preSolution
		HideSolutionNode = FALSE
	EndGlobalSection
	GlobalSection(ExtensibilityGlobals) = postSolution
		SolutionGuid = {57B23801-1B22-4158-BC1F-8D6467CB5516}
	EndGlobalSection
EndGlobal
