
Microsoft Visual Studio Solution File, Format Version 12.00
# Visual Studio Version 17
VisualStudioVersion = 17.13.35825.156 d17.13
MinimumVisualStudioVersion = 10.0.40219.1
Project("{FAE04EC0-301F-11D3-BF4B-00C04F79EFBC}") = "-25", "-25\-25.csproj", "{8CD1D2CD-FF5B-46BB-BFB3-E96EEFF01CA5}"
EndProject
Global
	GlobalSection(SolutionConfigurationPlatforms) = preSolution
		Debug|Any CPU = Debug|Any CPU
		Release|Any CPU = Release|Any CPU
	EndGlobalSection
	GlobalSection(ProjectConfigurationPlatforms) = postSolution
		{8CD1D2CD-FF5B-46BB-BFB3-E96EEFF01CA5}.Debug|Any CPU.ActiveCfg = Debug|Any CPU
		{8CD1D2CD-FF5B-46BB-BFB3-E96EEFF01CA5}.Debug|Any CPU.Build.0 = Debug|Any CPU
		{8CD1D2CD-FF5B-46BB-BFB3-E96EEFF01CA5}.Release|Any CPU.ActiveCfg = Release|Any CPU
		{8CD1D2CD-FF5B-46BB-BFB3-E96EEFF01CA5}.Release|Any CPU.Build.0 = Release|Any CPU
	EndGlobalSection
	GlobalSection(SolutionProperties) = preSolution
		HideSolutionNode = FALSE
	EndGlobalSection
	GlobalSection(ExtensibilityGlobals) = postSolution
		SolutionGuid = {2DB712FB-2725-4C58-9E77-974CADCFCE1C}
	EndGlobalSection
EndGlobal
