
Microsoft Visual Studio Solution File, Format Version 12.00
# Visual Studio Version 17
VisualStudioVersion = 17.13.35825.156 d17.13
MinimumVisualStudioVersion = 10.0.40219.1
Project("{FAE04EC0-301F-11D3-BF4B-00C04F79EFBC}") = "-15", "-15\-15.csproj", "{0CCB626A-8B61-4CA1-9DE2-E71E92CF5851}"
EndProject
Global
	GlobalSection(SolutionConfigurationPlatforms) = preSolution
		Debug|Any CPU = Debug|Any CPU
		Release|Any CPU = Release|Any CPU
	EndGlobalSection
	GlobalSection(ProjectConfigurationPlatforms) = postSolution
		{0CCB626A-8B61-4CA1-9DE2-E71E92CF5851}.Debug|Any CPU.ActiveCfg = Debug|Any CPU
		{0CCB626A-8B61-4CA1-9DE2-E71E92CF5851}.Debug|Any CPU.Build.0 = Debug|Any CPU
		{0CCB626A-8B61-4CA1-9DE2-E71E92CF5851}.Release|Any CPU.ActiveCfg = Release|Any CPU
		{0CCB626A-8B61-4CA1-9DE2-E71E92CF5851}.Release|Any CPU.Build.0 = Release|Any CPU
	EndGlobalSection
	GlobalSection(SolutionProperties) = preSolution
		HideSolutionNode = FALSE
	EndGlobalSection
	GlobalSection(ExtensibilityGlobals) = postSolution
		SolutionGuid = {45709C14-070F-42FA-82B4-7EDF247A42A2}
	EndGlobalSection
EndGlobal
