
Microsoft Visual Studio Solution File, Format Version 12.00
# Visual Studio Version 17
VisualStudioVersion = 17.13.35818.85 d17.13
MinimumVisualStudioVersion = 10.0.40219.1
Project("{FAE04EC0-301F-11D3-BF4B-00C04F79EFBC}") = "z13", "z13\z13.csproj", "{49326F58-A22A-4E19-B58C-B31910506B58}"
EndProject
Global
	GlobalSection(SolutionConfigurationPlatforms) = preSolution
		Debug|Any CPU = Debug|Any CPU
		Release|Any CPU = Release|Any CPU
	EndGlobalSection
	GlobalSection(ProjectConfigurationPlatforms) = postSolution
		{49326F58-A22A-4E19-B58C-B31910506B58}.Debug|Any CPU.ActiveCfg = Debug|Any CPU
		{49326F58-A22A-4E19-B58C-B31910506B58}.Debug|Any CPU.Build.0 = Debug|Any CPU
		{49326F58-A22A-4E19-B58C-B31910506B58}.Release|Any CPU.ActiveCfg = Release|Any CPU
		{49326F58-A22A-4E19-B58C-B31910506B58}.Release|Any CPU.Build.0 = Release|Any CPU
	EndGlobalSection
	GlobalSection(SolutionProperties) = preSolution
		HideSolutionNode = FALSE
	EndGlobalSection
	GlobalSection(ExtensibilityGlobals) = postSolution
		SolutionGuid = {EECB8C71-A7DF-4B15-A0DF-CBB06DA41CB7}
	EndGlobalSection
EndGlobal
