
Microsoft Visual Studio Solution File, Format Version 12.00
# Visual Studio Version 17
VisualStudioVersion = 17.13.35825.156 d17.13
MinimumVisualStudioVersion = 10.0.40219.1
Project("{FAE04EC0-301F-11D3-BF4B-00C04F79EFBC}") = "d10", "d10\d10.csproj", "{321B8D53-E759-48FC-A6B0-8533205CDFA1}"
EndProject
Global
	GlobalSection(SolutionConfigurationPlatforms) = preSolution
		Debug|Any CPU = Debug|Any CPU
		Release|Any CPU = Release|Any CPU
	EndGlobalSection
	GlobalSection(ProjectConfigurationPlatforms) = postSolution
		{321B8D53-E759-48FC-A6B0-8533205CDFA1}.Debug|Any CPU.ActiveCfg = Debug|Any CPU
		{321B8D53-E759-48FC-A6B0-8533205CDFA1}.Debug|Any CPU.Build.0 = Debug|Any CPU
		{321B8D53-E759-48FC-A6B0-8533205CDFA1}.Release|Any CPU.ActiveCfg = Release|Any CPU
		{321B8D53-E759-48FC-A6B0-8533205CDFA1}.Release|Any CPU.Build.0 = Release|Any CPU
	EndGlobalSection
	GlobalSection(SolutionProperties) = preSolution
		HideSolutionNode = FALSE
	EndGlobalSection
	GlobalSection(ExtensibilityGlobals) = postSolution
		SolutionGuid = {7282ACBC-F006-409F-B9DE-19A6FBCAB680}
	EndGlobalSection
EndGlobal
