
Microsoft Visual Studio Solution File, Format Version 12.00
# Visual Studio Version 17
VisualStudioVersion = 17.13.35825.156 d17.13
MinimumVisualStudioVersion = 10.0.40219.1
Project("{FAE04EC0-301F-11D3-BF4B-00C04F79EFBC}") = "-22", "-22\-22.csproj", "{0385E6B6-0B94-4926-B135-0200113A4884}"
EndProject
Global
	GlobalSection(SolutionConfigurationPlatforms) = preSolution
		Debug|Any CPU = Debug|Any CPU
		Release|Any CPU = Release|Any CPU
	EndGlobalSection
	GlobalSection(ProjectConfigurationPlatforms) = postSolution
		{0385E6B6-0B94-4926-B135-0200113A4884}.Debug|Any CPU.ActiveCfg = Debug|Any CPU
		{0385E6B6-0B94-4926-B135-0200113A4884}.Debug|Any CPU.Build.0 = Debug|Any CPU
		{0385E6B6-0B94-4926-B135-0200113A4884}.Release|Any CPU.ActiveCfg = Release|Any CPU
		{0385E6B6-0B94-4926-B135-0200113A4884}.Release|Any CPU.Build.0 = Release|Any CPU
	EndGlobalSection
	GlobalSection(SolutionProperties) = preSolution
		HideSolutionNode = FALSE
	EndGlobalSection
	GlobalSection(ExtensibilityGlobals) = postSolution
		SolutionGuid = {EB905C36-A773-4C49-8C14-8FE2EEC1756C}
	EndGlobalSection
EndGlobal
