
Microsoft Visual Studio Solution File, Format Version 12.00
# Visual Studio Version 17
VisualStudioVersion = 17.13.35825.156 d17.13
MinimumVisualStudioVersion = 10.0.40219.1
Project("{FAE04EC0-301F-11D3-BF4B-00C04F79EFBC}") = "d1", "d1\d1.csproj", "{156CCDE2-5220-4FED-BBC9-227E036EF7DF}"
EndProject
Global
	GlobalSection(SolutionConfigurationPlatforms) = preSolution
		Debug|Any CPU = Debug|Any CPU
		Release|Any CPU = Release|Any CPU
	EndGlobalSection
	GlobalSection(ProjectConfigurationPlatforms) = postSolution
		{156CCDE2-5220-4FED-BBC9-227E036EF7DF}.Debug|Any CPU.ActiveCfg = Debug|Any CPU
		{156CCDE2-5220-4FED-BBC9-227E036EF7DF}.Debug|Any CPU.Build.0 = Debug|Any CPU
		{156CCDE2-5220-4FED-BBC9-227E036EF7DF}.Release|Any CPU.ActiveCfg = Release|Any CPU
		{156CCDE2-5220-4FED-BBC9-227E036EF7DF}.Release|Any CPU.Build.0 = Release|Any CPU
	EndGlobalSection
	GlobalSection(SolutionProperties) = preSolution
		HideSolutionNode = FALSE
	EndGlobalSection
	GlobalSection(ExtensibilityGlobals) = postSolution
		SolutionGuid = {DE13C817-CD0D-43A6-961B-733CF4035D2A}
	EndGlobalSection
EndGlobal
