
Microsoft Visual Studio Solution File, Format Version 12.00
# Visual Studio Version 17
VisualStudioVersion = 17.13.35825.156 d17.13
MinimumVisualStudioVersion = 10.0.40219.1
Project("{FAE04EC0-301F-11D3-BF4B-00C04F79EFBC}") = "d9", "d9\d9.csproj", "{9AF8343A-9538-447A-970F-1A065156FD8E}"
EndProject
Global
	GlobalSection(SolutionConfigurationPlatforms) = preSolution
		Debug|Any CPU = Debug|Any CPU
		Release|Any CPU = Release|Any CPU
	EndGlobalSection
	GlobalSection(ProjectConfigurationPlatforms) = postSolution
		{9AF8343A-9538-447A-970F-1A065156FD8E}.Debug|Any CPU.ActiveCfg = Debug|Any CPU
		{9AF8343A-9538-447A-970F-1A065156FD8E}.Debug|Any CPU.Build.0 = Debug|Any CPU
		{9AF8343A-9538-447A-970F-1A065156FD8E}.Release|Any CPU.ActiveCfg = Release|Any CPU
		{9AF8343A-9538-447A-970F-1A065156FD8E}.Release|Any CPU.Build.0 = Release|Any CPU
	EndGlobalSection
	GlobalSection(SolutionProperties) = preSolution
		HideSolutionNode = FALSE
	EndGlobalSection
	GlobalSection(ExtensibilityGlobals) = postSolution
		SolutionGuid = {81C2A979-10AB-42A3-B56B-16C5F85E7036}
	EndGlobalSection
EndGlobal
