
Microsoft Visual Studio Solution File, Format Version 12.00
# Visual Studio Version 17
VisualStudioVersion = 17.13.35825.156 d17.13
MinimumVisualStudioVersion = 10.0.40219.1
Project("{FAE04EC0-301F-11D3-BF4B-00C04F79EFBC}") = "d4", "d4\d4.csproj", "{D81364F0-31AC-4E38-9179-2157F3F30CB0}"
EndProject
Global
	GlobalSection(SolutionConfigurationPlatforms) = preSolution
		Debug|Any CPU = Debug|Any CPU
		Release|Any CPU = Release|Any CPU
	EndGlobalSection
	GlobalSection(ProjectConfigurationPlatforms) = postSolution
		{D81364F0-31AC-4E38-9179-2157F3F30CB0}.Debug|Any CPU.ActiveCfg = Debug|Any CPU
		{D81364F0-31AC-4E38-9179-2157F3F30CB0}.Debug|Any CPU.Build.0 = Debug|Any CPU
		{D81364F0-31AC-4E38-9179-2157F3F30CB0}.Release|Any CPU.ActiveCfg = Release|Any CPU
		{D81364F0-31AC-4E38-9179-2157F3F30CB0}.Release|Any CPU.Build.0 = Release|Any CPU
	EndGlobalSection
	GlobalSection(SolutionProperties) = preSolution
		HideSolutionNode = FALSE
	EndGlobalSection
	GlobalSection(ExtensibilityGlobals) = postSolution
		SolutionGuid = {9D20EB33-4074-4187-AF45-AE871480C3CB}
	EndGlobalSection
EndGlobal
